{
  "name": "webcontent",
  "version": "1.0.0",
  "lockfileVersion": 1,
  "dependencies": {
    "angular": {
      "version": "1.6.4",
      "resolved": "https://registry.npmjs.org/angular/-/angular-1.6.4.tgz",
      "integrity": "sha1-A7exXAGggC1+LPWTJA5gQFTcd/s="
    },
    "angular-animate": {
      "version": "1.6.4",
      "resolved": "https://registry.npmjs.org/angular-animate/-/angular-animate-1.6.4.tgz",
      "integrity": "sha1-0+uQbTmDTy373Zgua416O02QAdI="
    },
    "angular-route": {
      "version": "1.6.4",
      "resolved": "https://registry.npmjs.org/angular-route/-/angular-route-1.6.4.tgz",
      "integrity": "sha1-e7IW/Np0ahuMRSBUsFkApwdOzGI="
    },
    "bootstrap-css-only": {
      "version": "3.3.7",
      "resolved": "https://registry.npmjs.org/bootstrap-css-only/-/bootstrap-css-only-3.3.7.tgz",
      "integrity": "sha1-aKFZJap7mw/A/rc/+F2LjDmJwW0="
    }
  }
}
